
Microsoft Visual Studio Solution File, Format Version 12.00
# Visual Studio Version 16
VisualStudioVersion = 16.0.29123.88
MinimumVisualStudioVersion = 10.0.40219.1
Project("{9A19103F-16F7-4668-BE54-9A1E7A4F7556}") = "Dfc.ProviderPortal.TribalExporter", "src\Dfc.ProviderPortal.TribalExporter\Dfc.ProviderPortal.TribalExporter.csproj", "{5EE48CC8-9167-41E4-B1BF-5D66DA5CCF1B}"
EndProject
Project("{9A19103F-16F7-4668-BE54-9A1E7A4F7556}") = "Dfc.ProviderPortal.TribalExporter.Tests", "tests\Dfc.ProviderPortal.TribalExporter.Tests\Dfc.ProviderPortal.TribalExporter.Tests.csproj", "{A7CE785D-AC21-4EFF-8ED5-357488687D43}"
EndProject
Global
	GlobalSection(SolutionConfigurationPlatforms) = preSolution
		Debug|Any CPU = Debug|Any CPU
		Release|Any CPU = Release|Any CPU
	EndGlobalSection
	GlobalSection(ProjectConfigurationPlatforms) = postSolution
		{5EE48CC8-9167-41E4-B1BF-5D66DA5CCF1B}.Debug|Any CPU.ActiveCfg = Debug|Any CPU
		{5EE48CC8-9167-41E4-B1BF-5D66DA5CCF1B}.Debug|Any CPU.Build.0 = Debug|Any CPU
		{5EE48CC8-9167-41E4-B1BF-5D66DA5CCF1B}.Release|Any CPU.ActiveCfg = Release|Any CPU
		{5EE48CC8-9167-41E4-B1BF-5D66DA5CCF1B}.Release|Any CPU.Build.0 = Release|Any CPU
		{A7CE785D-AC21-4EFF-8ED5-357488687D43}.Debug|Any CPU.ActiveCfg = Debug|Any CPU
		{A7CE785D-AC21-4EFF-8ED5-357488687D43}.Debug|Any CPU.Build.0 = Debug|Any CPU
		{A7CE785D-AC21-4EFF-8ED5-357488687D43}.Release|Any CPU.ActiveCfg = Release|Any CPU
		{A7CE785D-AC21-4EFF-8ED5-357488687D43}.Release|Any CPU.Build.0 = Release|Any CPU
	EndGlobalSection
	GlobalSection(SolutionProperties) = preSolution
		HideSolutionNode = FALSE
	EndGlobalSection
	GlobalSection(ExtensibilityGlobals) = postSolution
		SolutionGuid = {C8C10702-E8AE-43B0-94EF-6BC9A7D6C28C}
	EndGlobalSection
EndGlobal
