
Microsoft Visual Studio Solution File, Format Version 12.00
# Visual Studio 15
VisualStudioVersion = 15.0.28307.136
MinimumVisualStudioVersion = 10.0.40219.1
Project("{FAE04EC0-301F-11D3-BF4B-00C04F79EFBC}") = "Dfc.ProviderPortal.TribalExporter", "src\Dfc.ProviderPortal.TribalExporter\Dfc.ProviderPortal.TribalExporter.csproj", "{5EE48CC8-9167-41E4-B1BF-5D66DA5CCF1B}"
EndProject
Global
	GlobalSection(SolutionConfigurationPlatforms) = preSolution
		Debug|Any CPU = Debug|Any CPU
		Release|Any CPU = Release|Any CPU
	EndGlobalSection
	GlobalSection(ProjectConfigurationPlatforms) = postSolution
		{5EE48CC8-9167-41E4-B1BF-5D66DA5CCF1B}.Debug|Any CPU.ActiveCfg = Debug|Any CPU
		{5EE48CC8-9167-41E4-B1BF-5D66DA5CCF1B}.Debug|Any CPU.Build.0 = Debug|Any CPU
		{5EE48CC8-9167-41E4-B1BF-5D66DA5CCF1B}.Release|Any CPU.ActiveCfg = Release|Any CPU
		{5EE48CC8-9167-41E4-B1BF-5D66DA5CCF1B}.Release|Any CPU.Build.0 = Release|Any CPU
	EndGlobalSection
	GlobalSection(SolutionProperties) = preSolution
		HideSolutionNode = FALSE
	EndGlobalSection
	GlobalSection(ExtensibilityGlobals) = postSolution
		SolutionGuid = {C8C10702-E8AE-43B0-94EF-6BC9A7D6C28C}
	EndGlobalSection
EndGlobal
